
Microsoft Visual Studio Solution File, Format Version 12.00
# Visual Studio Version 17
VisualStudioVersion = 17.5.33627.172
MinimumVisualStudioVersion = 10.0.40219.1
Project("{FAE04EC0-301F-11D3-BF4B-00C04F79EFBC}") = "week6_pd_task2_cardGame", "week6_pd_task2_cardGame\week6_pd_task2_cardGame.csproj", "{B719101E-66D4-44F3-94ED-4FD9E55E1091}"
EndProject
Global
	GlobalSection(SolutionConfigurationPlatforms) = preSolution
		Debug|Any CPU = Debug|Any CPU
		Release|Any CPU = Release|Any CPU
	EndGlobalSection
	GlobalSection(ProjectConfigurationPlatforms) = postSolution
		{B719101E-66D4-44F3-94ED-4FD9E55E1091}.Debug|Any CPU.ActiveCfg = Debug|Any CPU
		{B719101E-66D4-44F3-94ED-4FD9E55E1091}.Debug|Any CPU.Build.0 = Debug|Any CPU
		{B719101E-66D4-44F3-94ED-4FD9E55E1091}.Release|Any CPU.ActiveCfg = Release|Any CPU
		{B719101E-66D4-44F3-94ED-4FD9E55E1091}.Release|Any CPU.Build.0 = Release|Any CPU
	EndGlobalSection
	GlobalSection(SolutionProperties) = preSolution
		HideSolutionNode = FALSE
	EndGlobalSection
	GlobalSection(ExtensibilityGlobals) = postSolution
		SolutionGuid = {8CB26B1E-06F7-4A59-8DEF-13463843CEE8}
	EndGlobalSection
EndGlobal
